
Microsoft Visual Studio Solution File, Format Version 12.00
# Visual Studio 15
VisualStudioVersion = 15.0.27703.2018
MinimumVisualStudioVersion = 10.0.40219.1
Project("{FAE04EC0-301F-11D3-BF4B-00C04F79EFBC}") = "TrianglesSorterApp", "TrianglesSorterApp\TrianglesSorterApp.csproj", "{20F103BF-C149-453B-BCE5-12697D4403C3}"
EndProject
Project("{FAE04EC0-301F-11D3-BF4B-00C04F79EFBC}") = "Test_TrianglesSorterApp", "Test_TrianglesSorterApp\Test_TrianglesSorterApp.csproj", "{E4E6437E-6908-4F5F-8239-F88C7EEAE9F4}"
EndProject
Global
	GlobalSection(SolutionConfigurationPlatforms) = preSolution
		Debug|Any CPU = Debug|Any CPU
		Release|Any CPU = Release|Any CPU
	EndGlobalSection
	GlobalSection(ProjectConfigurationPlatforms) = postSolution
		{20F103BF-C149-453B-BCE5-12697D4403C3}.Debug|Any CPU.ActiveCfg = Debug|Any CPU
		{20F103BF-C149-453B-BCE5-12697D4403C3}.Debug|Any CPU.Build.0 = Debug|Any CPU
		{20F103BF-C149-453B-BCE5-12697D4403C3}.Release|Any CPU.ActiveCfg = Release|Any CPU
		{20F103BF-C149-453B-BCE5-12697D4403C3}.Release|Any CPU.Build.0 = Release|Any CPU
		{E4E6437E-6908-4F5F-8239-F88C7EEAE9F4}.Debug|Any CPU.ActiveCfg = Debug|Any CPU
		{E4E6437E-6908-4F5F-8239-F88C7EEAE9F4}.Debug|Any CPU.Build.0 = Debug|Any CPU
		{E4E6437E-6908-4F5F-8239-F88C7EEAE9F4}.Release|Any CPU.ActiveCfg = Release|Any CPU
		{E4E6437E-6908-4F5F-8239-F88C7EEAE9F4}.Release|Any CPU.Build.0 = Release|Any CPU
	EndGlobalSection
	GlobalSection(SolutionProperties) = preSolution
		HideSolutionNode = FALSE
	EndGlobalSection
	GlobalSection(ExtensibilityGlobals) = postSolution
		SolutionGuid = {53568C38-5710-48FF-B674-6540E8803BCB}
	EndGlobalSection
EndGlobal
